
Microsoft Visual Studio Solution File, Format Version 12.00
# Visual Studio Version 17
VisualStudioVersion = 17.5.002.0
MinimumVisualStudioVersion = 10.0.40219.1
Project("{2150E333-8FDC-42A3-9474-1A3956D46DE8}") = "sandbox", "sandbox", "{269685A3-A9FC-4848-AB9C-D5C037AC844F}"
EndProject
Project("{9A19103F-16F7-4668-BE54-9A1E7A4F7556}") = "sandbox_project", "sandbox\sandbox_project\sandbox_project.csproj", "{42FCEF7D-A630-48AE-B727-249AF529373F}"
EndProject
Project("{2150E333-8FDC-42A3-9474-1A3956D46DE8}") = "week01", "week01", "{46748153-F1B9-46EF-A44A-83CFE0D497F8}"
EndProject
Project("{9A19103F-16F7-4668-BE54-9A1E7A4F7556}") = "analyze", "week01\analyze\analyze.csproj", "{772EB9C8-4BC9-4FDE-A4B5-29E40974E139}"
EndProject
Project("{9A19103F-16F7-4668-BE54-9A1E7A4F7556}") = "code", "week01\code\code.csproj", "{AAD67C35-2084-4AE9-AC84-E97E31A806C5}"
EndProject
Project("{9A19103F-16F7-4668-BE54-9A1E7A4F7556}") = "teach", "week01\teach\teach.csproj", "{D102C23C-8C0B-4F71-8604-56045CBFA668}"
EndProject
Project("{2150E333-8FDC-42A3-9474-1A3956D46DE8}") = "week02", "week02", "{57825501-C3F5-4699-87AF-721B5774CFE5}"
EndProject
Project("{9A19103F-16F7-4668-BE54-9A1E7A4F7556}") = "analyze", "week02\analyze\analyze.csproj", "{504E3BD3-60C4-44B8-B028-838CE894E92F}"
EndProject
Project("{9A19103F-16F7-4668-BE54-9A1E7A4F7556}") = "code", "week02\code\code.csproj", "{5542A3A2-E051-46C9-A5BB-33D0E6F649D6}"
EndProject
Project("{9A19103F-16F7-4668-BE54-9A1E7A4F7556}") = "learn", "week02\learn\learn.csproj", "{2706BEF4-7FA7-4E3F-AF6D-6EAF54A15828}"
EndProject
Project("{9A19103F-16F7-4668-BE54-9A1E7A4F7556}") = "teach", "week02\teach\teach.csproj", "{6F6D65A9-3544-46FC-BEE0-67B7161622A9}"
EndProject
Project("{2150E333-8FDC-42A3-9474-1A3956D46DE8}") = "week03", "week03", "{A8DAFF9A-1310-467D-9C14-1BC2DF004D31}"
EndProject
Project("{9A19103F-16F7-4668-BE54-9A1E7A4F7556}") = "code", "week03\code\code.csproj", "{F17483E2-D4CC-4C56-AFA5-DC259FB85A78}"
EndProject
Project("{9A19103F-16F7-4668-BE54-9A1E7A4F7556}") = "learn", "week03\learn\learn.csproj", "{7521BDF6-1071-4191-B9C7-7C25E132009B}"
EndProject
Project("{9A19103F-16F7-4668-BE54-9A1E7A4F7556}") = "teach", "week03\teach\teach.csproj", "{1012C6F5-976B-4D6D-A691-26746015CB7A}"
EndProject
Project("{2150E333-8FDC-42A3-9474-1A3956D46DE8}") = "week04", "week04", "{95D448F2-A717-42A1-848E-B7467454FB72}"
EndProject
Project("{9A19103F-16F7-4668-BE54-9A1E7A4F7556}") = "code", "week04\code\code.csproj", "{1316A4CA-1138-4359-B435-0861323EE5C2}"
EndProject
Project("{2150E333-8FDC-42A3-9474-1A3956D46DE8}") = "week05", "week05", "{495782F9-A89F-4FE6-9DB2-00ADB6A5F220}"
EndProject
Project("{9A19103F-16F7-4668-BE54-9A1E7A4F7556}") = "code", "week05\code\code.csproj", "{876D1089-F16E-42E1-AD0F-419767960F76}"
EndProject
Project("{2150E333-8FDC-42A3-9474-1A3956D46DE8}") = "week06", "week06", "{AAE08591-71B4-444A-8C56-FE72FF29009F}"
EndProject
Project("{9A19103F-16F7-4668-BE54-9A1E7A4F7556}") = "code", "week06\code\code.csproj", "{762BBC14-2266-48D0-8D2C-A263D3FB2870}"
EndProject
Global
	GlobalSection(SolutionConfigurationPlatforms) = preSolution
		Debug|Any CPU = Debug|Any CPU
		Release|Any CPU = Release|Any CPU
	EndGlobalSection
	GlobalSection(ProjectConfigurationPlatforms) = postSolution
		{42FCEF7D-A630-48AE-B727-249AF529373F}.Debug|Any CPU.ActiveCfg = Debug|Any CPU
		{42FCEF7D-A630-48AE-B727-249AF529373F}.Debug|Any CPU.Build.0 = Debug|Any CPU
		{42FCEF7D-A630-48AE-B727-249AF529373F}.Release|Any CPU.ActiveCfg = Release|Any CPU
		{42FCEF7D-A630-48AE-B727-249AF529373F}.Release|Any CPU.Build.0 = Release|Any CPU
		{772EB9C8-4BC9-4FDE-A4B5-29E40974E139}.Debug|Any CPU.ActiveCfg = Debug|Any CPU
		{772EB9C8-4BC9-4FDE-A4B5-29E40974E139}.Debug|Any CPU.Build.0 = Debug|Any CPU
		{772EB9C8-4BC9-4FDE-A4B5-29E40974E139}.Release|Any CPU.ActiveCfg = Release|Any CPU
		{772EB9C8-4BC9-4FDE-A4B5-29E40974E139}.Release|Any CPU.Build.0 = Release|Any CPU
		{AAD67C35-2084-4AE9-AC84-E97E31A806C5}.Debug|Any CPU.ActiveCfg = Debug|Any CPU
		{AAD67C35-2084-4AE9-AC84-E97E31A806C5}.Debug|Any CPU.Build.0 = Debug|Any CPU
		{AAD67C35-2084-4AE9-AC84-E97E31A806C5}.Release|Any CPU.ActiveCfg = Release|Any CPU
		{AAD67C35-2084-4AE9-AC84-E97E31A806C5}.Release|Any CPU.Build.0 = Release|Any CPU
		{D102C23C-8C0B-4F71-8604-56045CBFA668}.Debug|Any CPU.ActiveCfg = Debug|Any CPU
		{D102C23C-8C0B-4F71-8604-56045CBFA668}.Debug|Any CPU.Build.0 = Debug|Any CPU
		{D102C23C-8C0B-4F71-8604-56045CBFA668}.Release|Any CPU.ActiveCfg = Release|Any CPU
		{D102C23C-8C0B-4F71-8604-56045CBFA668}.Release|Any CPU.Build.0 = Release|Any CPU
		{504E3BD3-60C4-44B8-B028-838CE894E92F}.Debug|Any CPU.ActiveCfg = Debug|Any CPU
		{504E3BD3-60C4-44B8-B028-838CE894E92F}.Debug|Any CPU.Build.0 = Debug|Any CPU
		{504E3BD3-60C4-44B8-B028-838CE894E92F}.Release|Any CPU.ActiveCfg = Release|Any CPU
		{504E3BD3-60C4-44B8-B028-838CE894E92F}.Release|Any CPU.Build.0 = Release|Any CPU
		{5542A3A2-E051-46C9-A5BB-33D0E6F649D6}.Debug|Any CPU.ActiveCfg = Debug|Any CPU
		{5542A3A2-E051-46C9-A5BB-33D0E6F649D6}.Debug|Any CPU.Build.0 = Debug|Any CPU
		{5542A3A2-E051-46C9-A5BB-33D0E6F649D6}.Release|Any CPU.ActiveCfg = Release|Any CPU
		{5542A3A2-E051-46C9-A5BB-33D0E6F649D6}.Release|Any CPU.Build.0 = Release|Any CPU
		{2706BEF4-7FA7-4E3F-AF6D-6EAF54A15828}.Debug|Any CPU.ActiveCfg = Debug|Any CPU
		{2706BEF4-7FA7-4E3F-AF6D-6EAF54A15828}.Debug|Any CPU.Build.0 = Debug|Any CPU
		{2706BEF4-7FA7-4E3F-AF6D-6EAF54A15828}.Release|Any CPU.ActiveCfg = Release|Any CPU
		{2706BEF4-7FA7-4E3F-AF6D-6EAF54A15828}.Release|Any CPU.Build.0 = Release|Any CPU
		{6F6D65A9-3544-46FC-BEE0-67B7161622A9}.Debug|Any CPU.ActiveCfg = Debug|Any CPU
		{6F6D65A9-3544-46FC-BEE0-67B7161622A9}.Debug|Any CPU.Build.0 = Debug|Any CPU
		{6F6D65A9-3544-46FC-BEE0-67B7161622A9}.Release|Any CPU.ActiveCfg = Release|Any CPU
		{6F6D65A9-3544-46FC-BEE0-67B7161622A9}.Release|Any CPU.Build.0 = Release|Any CPU
		{F17483E2-D4CC-4C56-AFA5-DC259FB85A78}.Debug|Any CPU.ActiveCfg = Debug|Any CPU
		{F17483E2-D4CC-4C56-AFA5-DC259FB85A78}.Debug|Any CPU.Build.0 = Debug|Any CPU
		{F17483E2-D4CC-4C56-AFA5-DC259FB85A78}.Release|Any CPU.ActiveCfg = Release|Any CPU
		{F17483E2-D4CC-4C56-AFA5-DC259FB85A78}.Release|Any CPU.Build.0 = Release|Any CPU
		{7521BDF6-1071-4191-B9C7-7C25E132009B}.Debug|Any CPU.ActiveCfg = Debug|Any CPU
		{7521BDF6-1071-4191-B9C7-7C25E132009B}.Debug|Any CPU.Build.0 = Debug|Any CPU
		{7521BDF6-1071-4191-B9C7-7C25E132009B}.Release|Any CPU.ActiveCfg = Release|Any CPU
		{7521BDF6-1071-4191-B9C7-7C25E132009B}.Release|Any CPU.Build.0 = Release|Any CPU
		{1012C6F5-976B-4D6D-A691-26746015CB7A}.Debug|Any CPU.ActiveCfg = Debug|Any CPU
		{1012C6F5-976B-4D6D-A691-26746015CB7A}.Debug|Any CPU.Build.0 = Debug|Any CPU
		{1012C6F5-976B-4D6D-A691-26746015CB7A}.Release|Any CPU.ActiveCfg = Release|Any CPU
		{1012C6F5-976B-4D6D-A691-26746015CB7A}.Release|Any CPU.Build.0 = Release|Any CPU
		{1316A4CA-1138-4359-B435-0861323EE5C2}.Debug|Any CPU.ActiveCfg = Debug|Any CPU
		{1316A4CA-1138-4359-B435-0861323EE5C2}.Debug|Any CPU.Build.0 = Debug|Any CPU
		{1316A4CA-1138-4359-B435-0861323EE5C2}.Release|Any CPU.ActiveCfg = Release|Any CPU
		{1316A4CA-1138-4359-B435-0861323EE5C2}.Release|Any CPU.Build.0 = Release|Any CPU
		{876D1089-F16E-42E1-AD0F-419767960F76}.Debug|Any CPU.ActiveCfg = Debug|Any CPU
		{876D1089-F16E-42E1-AD0F-419767960F76}.Debug|Any CPU.Build.0 = Debug|Any CPU
		{876D1089-F16E-42E1-AD0F-419767960F76}.Release|Any CPU.ActiveCfg = Release|Any CPU
		{876D1089-F16E-42E1-AD0F-419767960F76}.Release|Any CPU.Build.0 = Release|Any CPU
		{762BBC14-2266-48D0-8D2C-A263D3FB2870}.Debug|Any CPU.ActiveCfg = Debug|Any CPU
		{762BBC14-2266-48D0-8D2C-A263D3FB2870}.Debug|Any CPU.Build.0 = Debug|Any CPU
		{762BBC14-2266-48D0-8D2C-A263D3FB2870}.Release|Any CPU.ActiveCfg = Release|Any CPU
		{762BBC14-2266-48D0-8D2C-A263D3FB2870}.Release|Any CPU.Build.0 = Release|Any CPU
	EndGlobalSection
	GlobalSection(SolutionProperties) = preSolution
		HideSolutionNode = FALSE
	EndGlobalSection
	GlobalSection(NestedProjects) = preSolution
		{42FCEF7D-A630-48AE-B727-249AF529373F} = {269685A3-A9FC-4848-AB9C-D5C037AC844F}
		{772EB9C8-4BC9-4FDE-A4B5-29E40974E139} = {46748153-F1B9-46EF-A44A-83CFE0D497F8}
		{AAD67C35-2084-4AE9-AC84-E97E31A806C5} = {46748153-F1B9-46EF-A44A-83CFE0D497F8}
		{D102C23C-8C0B-4F71-8604-56045CBFA668} = {46748153-F1B9-46EF-A44A-83CFE0D497F8}
		{504E3BD3-60C4-44B8-B028-838CE894E92F} = {57825501-C3F5-4699-87AF-721B5774CFE5}
		{5542A3A2-E051-46C9-A5BB-33D0E6F649D6} = {57825501-C3F5-4699-87AF-721B5774CFE5}
		{2706BEF4-7FA7-4E3F-AF6D-6EAF54A15828} = {57825501-C3F5-4699-87AF-721B5774CFE5}
		{6F6D65A9-3544-46FC-BEE0-67B7161622A9} = {57825501-C3F5-4699-87AF-721B5774CFE5}
		{F17483E2-D4CC-4C56-AFA5-DC259FB85A78} = {A8DAFF9A-1310-467D-9C14-1BC2DF004D31}
		{7521BDF6-1071-4191-B9C7-7C25E132009B} = {A8DAFF9A-1310-467D-9C14-1BC2DF004D31}
		{1012C6F5-976B-4D6D-A691-26746015CB7A} = {A8DAFF9A-1310-467D-9C14-1BC2DF004D31}
		{1316A4CA-1138-4359-B435-0861323EE5C2} = {95D448F2-A717-42A1-848E-B7467454FB72}
		{876D1089-F16E-42E1-AD0F-419767960F76} = {495782F9-A89F-4FE6-9DB2-00ADB6A5F220}
		{762BBC14-2266-48D0-8D2C-A263D3FB2870} = {AAE08591-71B4-444A-8C56-FE72FF29009F}
	EndGlobalSection
	GlobalSection(ExtensibilityGlobals) = postSolution
		SolutionGuid = {B6A18288-BB95-498A-BD84-E0E52F03A0F9}
	EndGlobalSection
EndGlobal
